
Microsoft Visual Studio Solution File, Format Version 12.00
# Visual Studio Version 17
VisualStudioVersion = 17.14.36414.22
MinimumVisualStudioVersion = 10.0.40219.1
Project("{2150E333-8FDC-42A3-9474-1A3956D46DE8}") = "Task0", "Task0", "{02EA681E-C7D8-13C7-8484-4AC65E1B71E8}"
EndProject
Project("{FAE04EC0-301F-11D3-BF4B-00C04F79EFBC}") = "Tyuiu.EvdokimovKP.Sprint0.Task0.V0", "Tyuiu.EvdokimovKP.Sprint0.Task0.V0\Tyuiu.EvdokimovKP.Sprint0.Task0.V0.csproj", "{23579918-D3DA-497B-9BBD-B9A119901F0F}"
EndProject
Project("{2150E333-8FDC-42A3-9474-1A3956D46DE8}") = "Task1", "Task1", "{1094E15F-6CDD-434A-B838-49DE8409C2CD}"
EndProject
Project("{FAE04EC0-301F-11D3-BF4B-00C04F79EFBC}") = "Tyuiu.EvdokimovKP.Sprint0.Task1.V0", "Tyuiu.EvdokimovKP.Sprint0.Task1.V0\Tyuiu.EvdokimovKP.Sprint0.Task1.V0.csproj", "{D9A3E6F4-C9C1-4A16-8902-912190CE7CDD}"
EndProject
Project("{2150E333-8FDC-42A3-9474-1A3956D46DE8}") = "Task2", "Task2", "{36D591C7-65C7-A0D1-1CBC-10CDE441BDC8}"
EndProject
Project("{FAE04EC0-301F-11D3-BF4B-00C04F79EFBC}") = "Tyuiu.EvdokimovKP.Sprint0.Task2.V0", "Tyuiu.EvdokimovKP.Sprint0.Task2.V0\Tyuiu.EvdokimovKP.Sprint0.Task2.V0.csproj", "{4F645488-E8BC-4939-AF6E-5882C46FD63D}"
EndProject
Project("{FAE04EC0-301F-11D3-BF4B-00C04F79EFBC}") = "Tyuiu.EvdokimovKP.Sprint0.Task2.V0.Lib", "Tyuiu.EvdokimovKP.Sprint0.Task2.V0.Lib\Tyuiu.EvdokimovKP.Sprint0.Task2.V0.Lib.csproj", "{11DF70FD-DC5C-4A3B-A585-109A31935525}"
EndProject
Project("{FAE04EC0-301F-11D3-BF4B-00C04F79EFBC}") = "Tyuiu.EvdokimovKP.Sprint0.Task2.V0.Test", "Tyuiu.EvdokimovKP.Sprint0.Task2.V0.Test\Tyuiu.EvdokimovKP.Sprint0.Task2.V0.Test.csproj", "{278ADEC0-3724-4CDC-9DEC-51E500A871DC}"
EndProject
Project("{2150E333-8FDC-42A3-9474-1A3956D46DE8}") = "Task3", "Task3", "{2A4C5CC9-0566-40C3-A3FE-65FA27323B95}"
EndProject
Project("{FAE04EC0-301F-11D3-BF4B-00C04F79EFBC}") = "Tyuiu.EvdokimovKP.Sprint0.Task3.V0", "Tyuiu.EvdokimovKP.Sprint0.Task3.V0\Tyuiu.EvdokimovKP.Sprint0.Task3.V0.csproj", "{3EE638C2-3037-4828-AF89-52F7A60BB5E1}"
EndProject
Project("{FAE04EC0-301F-11D3-BF4B-00C04F79EFBC}") = "Tyuiu.EvdokimovKP.Sprint0.Task3.V0.Lib", "Tyuiu.EvdokimovKP.Sprint0.Task3.V0.Lib\Tyuiu.EvdokimovKP.Sprint0.Task3.V0.Lib.csproj", "{899FD315-F4C1-42AC-9482-19633E0713C8}"
EndProject
Project("{FAE04EC0-301F-11D3-BF4B-00C04F79EFBC}") = "Tyuiu.EvdokimovKP.Sprint0.Task3.V0.Test", "Tyuiu.EvdokimovKP.Sprint0.Task3.V0.Test\Tyuiu.EvdokimovKP.Sprint0.Task3.V0.Test.csproj", "{2AB2E1AE-411A-43C3-A229-A9D892433802}"
EndProject
Project("{2150E333-8FDC-42A3-9474-1A3956D46DE8}") = "Task4", "Task4", "{4764E38E-CB0A-47C5-BEAC-3F5856FB0E08}"
EndProject
Project("{FAE04EC0-301F-11D3-BF4B-00C04F79EFBC}") = "Tyuiu.EvdokimovKP.Sprint0.Task4.V0", "Tyuiu.EvdokimovKP.Sprint0.Task4.V0\Tyuiu.EvdokimovKP.Sprint0.Task4.V0.csproj", "{83EB678B-C104-4AB3-9E8E-390E013B61C1}"
EndProject
Project("{FAE04EC0-301F-11D3-BF4B-00C04F79EFBC}") = "Tyuiu.EvdokimovKP.Sprint0.Task4.V0.Lib", "Tyuiu.EvdokimovKP.Sprint0.Task4.V0.Lib\Tyuiu.EvdokimovKP.Sprint0.Task4.V0.Lib.csproj", "{10090ED3-2119-4A7F-98A6-C0A50698CAD7}"
EndProject
Project("{FAE04EC0-301F-11D3-BF4B-00C04F79EFBC}") = "Tyuiu.EvdokimovKP.Sprint0.Task4.V0.Test", "Tyuiu.EvdokimovKP.Sprint0.Task4.V0.Test\Tyuiu.EvdokimovKP.Sprint0.Task4.V0.Test.csproj", "{740DF083-ECF1-42D4-A617-2738B33C5C1C}"
EndProject
Global
	GlobalSection(SolutionConfigurationPlatforms) = preSolution
		Debug|Any CPU = Debug|Any CPU
		Release|Any CPU = Release|Any CPU
	EndGlobalSection
	GlobalSection(ProjectConfigurationPlatforms) = postSolution
		{23579918-D3DA-497B-9BBD-B9A119901F0F}.Debug|Any CPU.ActiveCfg = Debug|Any CPU
		{23579918-D3DA-497B-9BBD-B9A119901F0F}.Debug|Any CPU.Build.0 = Debug|Any CPU
		{23579918-D3DA-497B-9BBD-B9A119901F0F}.Release|Any CPU.ActiveCfg = Release|Any CPU
		{23579918-D3DA-497B-9BBD-B9A119901F0F}.Release|Any CPU.Build.0 = Release|Any CPU
		{D9A3E6F4-C9C1-4A16-8902-912190CE7CDD}.Debug|Any CPU.ActiveCfg = Debug|Any CPU
		{D9A3E6F4-C9C1-4A16-8902-912190CE7CDD}.Debug|Any CPU.Build.0 = Debug|Any CPU
		{D9A3E6F4-C9C1-4A16-8902-912190CE7CDD}.Release|Any CPU.ActiveCfg = Release|Any CPU
		{D9A3E6F4-C9C1-4A16-8902-912190CE7CDD}.Release|Any CPU.Build.0 = Release|Any CPU
		{4F645488-E8BC-4939-AF6E-5882C46FD63D}.Debug|Any CPU.ActiveCfg = Debug|Any CPU
		{4F645488-E8BC-4939-AF6E-5882C46FD63D}.Debug|Any CPU.Build.0 = Debug|Any CPU
		{4F645488-E8BC-4939-AF6E-5882C46FD63D}.Release|Any CPU.ActiveCfg = Release|Any CPU
		{4F645488-E8BC-4939-AF6E-5882C46FD63D}.Release|Any CPU.Build.0 = Release|Any CPU
		{11DF70FD-DC5C-4A3B-A585-109A31935525}.Debug|Any CPU.ActiveCfg = Debug|Any CPU
		{11DF70FD-DC5C-4A3B-A585-109A31935525}.Debug|Any CPU.Build.0 = Debug|Any CPU
		{11DF70FD-DC5C-4A3B-A585-109A31935525}.Release|Any CPU.ActiveCfg = Release|Any CPU
		{11DF70FD-DC5C-4A3B-A585-109A31935525}.Release|Any CPU.Build.0 = Release|Any CPU
		{278ADEC0-3724-4CDC-9DEC-51E500A871DC}.Debug|Any CPU.ActiveCfg = Debug|Any CPU
		{278ADEC0-3724-4CDC-9DEC-51E500A871DC}.Debug|Any CPU.Build.0 = Debug|Any CPU
		{278ADEC0-3724-4CDC-9DEC-51E500A871DC}.Release|Any CPU.ActiveCfg = Release|Any CPU
		{278ADEC0-3724-4CDC-9DEC-51E500A871DC}.Release|Any CPU.Build.0 = Release|Any CPU
		{3EE638C2-3037-4828-AF89-52F7A60BB5E1}.Debug|Any CPU.ActiveCfg = Debug|Any CPU
		{3EE638C2-3037-4828-AF89-52F7A60BB5E1}.Debug|Any CPU.Build.0 = Debug|Any CPU
		{3EE638C2-3037-4828-AF89-52F7A60BB5E1}.Release|Any CPU.ActiveCfg = Release|Any CPU
		{3EE638C2-3037-4828-AF89-52F7A60BB5E1}.Release|Any CPU.Build.0 = Release|Any CPU
		{899FD315-F4C1-42AC-9482-19633E0713C8}.Debug|Any CPU.ActiveCfg = Debug|Any CPU
		{899FD315-F4C1-42AC-9482-19633E0713C8}.Debug|Any CPU.Build.0 = Debug|Any CPU
		{899FD315-F4C1-42AC-9482-19633E0713C8}.Release|Any CPU.ActiveCfg = Release|Any CPU
		{899FD315-F4C1-42AC-9482-19633E0713C8}.Release|Any CPU.Build.0 = Release|Any CPU
		{2AB2E1AE-411A-43C3-A229-A9D892433802}.Debug|Any CPU.ActiveCfg = Debug|Any CPU
		{2AB2E1AE-411A-43C3-A229-A9D892433802}.Debug|Any CPU.Build.0 = Debug|Any CPU
		{2AB2E1AE-411A-43C3-A229-A9D892433802}.Release|Any CPU.ActiveCfg = Release|Any CPU
		{2AB2E1AE-411A-43C3-A229-A9D892433802}.Release|Any CPU.Build.0 = Release|Any CPU
		{83EB678B-C104-4AB3-9E8E-390E013B61C1}.Debug|Any CPU.ActiveCfg = Debug|Any CPU
		{83EB678B-C104-4AB3-9E8E-390E013B61C1}.Debug|Any CPU.Build.0 = Debug|Any CPU
		{83EB678B-C104-4AB3-9E8E-390E013B61C1}.Release|Any CPU.ActiveCfg = Release|Any CPU
		{83EB678B-C104-4AB3-9E8E-390E013B61C1}.Release|Any CPU.Build.0 = Release|Any CPU
		{10090ED3-2119-4A7F-98A6-C0A50698CAD7}.Debug|Any CPU.ActiveCfg = Debug|Any CPU
		{10090ED3-2119-4A7F-98A6-C0A50698CAD7}.Debug|Any CPU.Build.0 = Debug|Any CPU
		{10090ED3-2119-4A7F-98A6-C0A50698CAD7}.Release|Any CPU.ActiveCfg = Release|Any CPU
		{10090ED3-2119-4A7F-98A6-C0A50698CAD7}.Release|Any CPU.Build.0 = Release|Any CPU
		{740DF083-ECF1-42D4-A617-2738B33C5C1C}.Debug|Any CPU.ActiveCfg = Debug|Any CPU
		{740DF083-ECF1-42D4-A617-2738B33C5C1C}.Debug|Any CPU.Build.0 = Debug|Any CPU
		{740DF083-ECF1-42D4-A617-2738B33C5C1C}.Release|Any CPU.ActiveCfg = Release|Any CPU
		{740DF083-ECF1-42D4-A617-2738B33C5C1C}.Release|Any CPU.Build.0 = Release|Any CPU
	EndGlobalSection
	GlobalSection(SolutionProperties) = preSolution
		HideSolutionNode = FALSE
	EndGlobalSection
	GlobalSection(NestedProjects) = preSolution
		{23579918-D3DA-497B-9BBD-B9A119901F0F} = {02EA681E-C7D8-13C7-8484-4AC65E1B71E8}
		{D9A3E6F4-C9C1-4A16-8902-912190CE7CDD} = {1094E15F-6CDD-434A-B838-49DE8409C2CD}
		{4F645488-E8BC-4939-AF6E-5882C46FD63D} = {36D591C7-65C7-A0D1-1CBC-10CDE441BDC8}
		{11DF70FD-DC5C-4A3B-A585-109A31935525} = {36D591C7-65C7-A0D1-1CBC-10CDE441BDC8}
		{278ADEC0-3724-4CDC-9DEC-51E500A871DC} = {36D591C7-65C7-A0D1-1CBC-10CDE441BDC8}
		{3EE638C2-3037-4828-AF89-52F7A60BB5E1} = {2A4C5CC9-0566-40C3-A3FE-65FA27323B95}
		{899FD315-F4C1-42AC-9482-19633E0713C8} = {2A4C5CC9-0566-40C3-A3FE-65FA27323B95}
		{2AB2E1AE-411A-43C3-A229-A9D892433802} = {2A4C5CC9-0566-40C3-A3FE-65FA27323B95}
		{83EB678B-C104-4AB3-9E8E-390E013B61C1} = {4764E38E-CB0A-47C5-BEAC-3F5856FB0E08}
		{10090ED3-2119-4A7F-98A6-C0A50698CAD7} = {4764E38E-CB0A-47C5-BEAC-3F5856FB0E08}
		{740DF083-ECF1-42D4-A617-2738B33C5C1C} = {4764E38E-CB0A-47C5-BEAC-3F5856FB0E08}
	EndGlobalSection
	GlobalSection(ExtensibilityGlobals) = postSolution
		SolutionGuid = {41B8A16F-E153-4247-8077-700682AA591D}
	EndGlobalSection
EndGlobal
